
Microsoft Visual Studio Solution File, Format Version 12.00
# Visual Studio Version 17
VisualStudioVersion = 17.4.33110.190
MinimumVisualStudioVersion = 10.0.40219.1
Project("{FAE04EC0-301F-11D3-BF4B-00C04F79EFBC}") = "VidlyMvc5", "VidlyMvc5\VidlyMvc5.csproj", "{1F5ED56D-5BA0-444C-B0F6-7B384D37C119}"
EndProject
Global
	GlobalSection(SolutionConfigurationPlatforms) = preSolution
		Debug|Any CPU = Debug|Any CPU
		Release|Any CPU = Release|Any CPU
	EndGlobalSection
	GlobalSection(ProjectConfigurationPlatforms) = postSolution
		{1F5ED56D-5BA0-444C-B0F6-7B384D37C119}.Debug|Any CPU.ActiveCfg = Debug|Any CPU
		{1F5ED56D-5BA0-444C-B0F6-7B384D37C119}.Debug|Any CPU.Build.0 = Debug|Any CPU
		{1F5ED56D-5BA0-444C-B0F6-7B384D37C119}.Release|Any CPU.ActiveCfg = Release|Any CPU
		{1F5ED56D-5BA0-444C-B0F6-7B384D37C119}.Release|Any CPU.Build.0 = Release|Any CPU
	EndGlobalSection
	GlobalSection(SolutionProperties) = preSolution
		HideSolutionNode = FALSE
	EndGlobalSection
	GlobalSection(ExtensibilityGlobals) = postSolution
		SolutionGuid = {9F9F3D21-B5E8-4938-9123-DBBBC700AE66}
	EndGlobalSection
EndGlobal
